
Microsoft Visual Studio Solution File, Format Version 12.00
# Visual Studio 15
VisualStudioVersion = 15.0.28010.2003
MinimumVisualStudioVersion = 10.0.40219.1
Project("{FAE04EC0-301F-11D3-BF4B-00C04F79EFBC}") = "NSSCodeExercise", "NSSCodeExercise\NSSCodeExercise.csproj", "{D0EECE43-C569-4388-B7BA-1E85687E14E1}"
EndProject
Project("{FAE04EC0-301F-11D3-BF4B-00C04F79EFBC}") = "AdvancedFizzBuzz", "AdvancedFizzBuzz\AdvancedFizzBuzz.csproj", "{6185D3DD-BE36-4371-9544-45C627A3AD79}"
EndProject
Project("{FAE04EC0-301F-11D3-BF4B-00C04F79EFBC}") = "AnotherNSSCodeExercise", "AnotherNSSCodeExercise\AnotherNSSCodeExercise.csproj", "{C5D5D602-D23D-49C6-AFDF-FFCF1211D25D}"
EndProject
Project("{FAE04EC0-301F-11D3-BF4B-00C04F79EFBC}") = "AdvancedFizzBuzzTests", "AdvancedFizzBuzzTests\AdvancedFizzBuzzTests.csproj", "{1BDFD68B-6BC6-4EDC-9467-66EA674F8DD8}"
EndProject
Global
	GlobalSection(SolutionConfigurationPlatforms) = preSolution
		Debug|Any CPU = Debug|Any CPU
		Release|Any CPU = Release|Any CPU
	EndGlobalSection
	GlobalSection(ProjectConfigurationPlatforms) = postSolution
		{D0EECE43-C569-4388-B7BA-1E85687E14E1}.Debug|Any CPU.ActiveCfg = Debug|Any CPU
		{D0EECE43-C569-4388-B7BA-1E85687E14E1}.Debug|Any CPU.Build.0 = Debug|Any CPU
		{D0EECE43-C569-4388-B7BA-1E85687E14E1}.Release|Any CPU.ActiveCfg = Release|Any CPU
		{D0EECE43-C569-4388-B7BA-1E85687E14E1}.Release|Any CPU.Build.0 = Release|Any CPU
		{6185D3DD-BE36-4371-9544-45C627A3AD79}.Debug|Any CPU.ActiveCfg = Debug|Any CPU
		{6185D3DD-BE36-4371-9544-45C627A3AD79}.Debug|Any CPU.Build.0 = Debug|Any CPU
		{6185D3DD-BE36-4371-9544-45C627A3AD79}.Release|Any CPU.ActiveCfg = Release|Any CPU
		{6185D3DD-BE36-4371-9544-45C627A3AD79}.Release|Any CPU.Build.0 = Release|Any CPU
		{C5D5D602-D23D-49C6-AFDF-FFCF1211D25D}.Debug|Any CPU.ActiveCfg = Debug|Any CPU
		{C5D5D602-D23D-49C6-AFDF-FFCF1211D25D}.Debug|Any CPU.Build.0 = Debug|Any CPU
		{C5D5D602-D23D-49C6-AFDF-FFCF1211D25D}.Release|Any CPU.ActiveCfg = Release|Any CPU
		{C5D5D602-D23D-49C6-AFDF-FFCF1211D25D}.Release|Any CPU.Build.0 = Release|Any CPU
		{1BDFD68B-6BC6-4EDC-9467-66EA674F8DD8}.Debug|Any CPU.ActiveCfg = Debug|Any CPU
		{1BDFD68B-6BC6-4EDC-9467-66EA674F8DD8}.Debug|Any CPU.Build.0 = Debug|Any CPU
		{1BDFD68B-6BC6-4EDC-9467-66EA674F8DD8}.Release|Any CPU.ActiveCfg = Release|Any CPU
		{1BDFD68B-6BC6-4EDC-9467-66EA674F8DD8}.Release|Any CPU.Build.0 = Release|Any CPU
	EndGlobalSection
	GlobalSection(SolutionProperties) = preSolution
		HideSolutionNode = FALSE
	EndGlobalSection
	GlobalSection(ExtensibilityGlobals) = postSolution
		SolutionGuid = {BA207608-35E9-4A73-A044-C4035B85248D}
	EndGlobalSection
EndGlobal
